
Microsoft Visual Studio Solution File, Format Version 12.00
# Visual Studio Version 17
VisualStudioVersion = 17.1.32328.378
MinimumVisualStudioVersion = 10.0.40219.1
Project("{FAE04EC0-301F-11D3-BF4B-00C04F79EFBC}") = "Blog", "Blog.csproj", "{2D165E59-8BDC-4285-9DE1-633D0A52706A}"
EndProject
Global
	GlobalSection(SolutionConfigurationPlatforms) = preSolution
		Debug|Any CPU = Debug|Any CPU
		Release|Any CPU = Release|Any CPU
	EndGlobalSection
	GlobalSection(ProjectConfigurationPlatforms) = postSolution
		{2D165E59-8BDC-4285-9DE1-633D0A52706A}.Debug|Any CPU.ActiveCfg = Debug|Any CPU
		{2D165E59-8BDC-4285-9DE1-633D0A52706A}.Debug|Any CPU.Build.0 = Debug|Any CPU
		{2D165E59-8BDC-4285-9DE1-633D0A52706A}.Release|Any CPU.ActiveCfg = Release|Any CPU
		{2D165E59-8BDC-4285-9DE1-633D0A52706A}.Release|Any CPU.Build.0 = Release|Any CPU
	EndGlobalSection
	GlobalSection(SolutionProperties) = preSolution
		HideSolutionNode = FALSE
	EndGlobalSection
	GlobalSection(ExtensibilityGlobals) = postSolution
		SolutionGuid = {77CABADD-7BCE-44B9-85F4-C22A1F2FE6EC}
	EndGlobalSection
EndGlobal
